{
  "name": "scheduler-lambda",
  "version": "0.1.0",
  "lockfileVersion": 1,
  "requires": true,
  "dependencies": {
    "async": {
      "version": "2.0.1",
      "resolved": "https://registry.npmjs.org/async/-/async-2.0.1.tgz",
      "integrity": "sha1-twnMAoCpw28J9FNr6CPIOKkEniU=",
      "requires": {
        "lodash": "4.17.5"
      }
    },
    "lodash": {
      "version": "4.17.5",
      "resolved": "https://registry.npmjs.org/lodash/-/lodash-4.17.5.tgz",
      "integrity": "sha512-svL3uiZf1RwhH+cWrfZn3A4+U58wbP0tGVTLQPbjplZxZ8ROD9VLuNgsRniTlLe7OlSqR79RUehXgpBW/s0IQw=="
    }
  }
}
